
Microsoft Visual Studio Solution File, Format Version 12.00
# Visual Studio Version 17
VisualStudioVersion = 17.7.34031.279
MinimumVisualStudioVersion = 10.0.40219.1
Project("{2150E333-8FDC-42A3-9474-1A3956D46DE8}") = "Task0", "Task0", "{660B72AA-4B39-4348-A294-A711018BA7AA}"
EndProject
Project("{FAE04EC0-301F-11D3-BF4B-00C04F79EFBC}") = "Tyuiu.SbrodovSV.Sprint6.Task0.V20", "Tyuiu.SbrodovSV.Sprint6.Task0.V20\Tyuiu.SbrodovSV.Sprint6.Task0.V20.csproj", "{93A268D9-ABF3-49C9-B72F-6A2B819F5062}"
EndProject
Project("{FAE04EC0-301F-11D3-BF4B-00C04F79EFBC}") = "Tyuiu.SbrodovSV.Sprint6.Task0.V20.Lib", "Tyuiu.SbrodovSV.Sprint6.Task0.V20.Lib\Tyuiu.SbrodovSV.Sprint6.Task0.V20.Lib.csproj", "{3D0B4409-F530-4306-A3C5-4784C929A2D2}"
EndProject
Project("{FAE04EC0-301F-11D3-BF4B-00C04F79EFBC}") = "Tyuiu.SbrodovSV.Sprint6.Task0.V20.Test", "Tyuiu.SbrodovSV.Sprint6.Task0.V20.Test\Tyuiu.SbrodovSV.Sprint6.Task0.V20.Test.csproj", "{5D4D99C9-EC69-47FD-93B8-CDFEE67EA91C}"
EndProject
Project("{2150E333-8FDC-42A3-9474-1A3956D46DE8}") = "Task1", "Task1", "{8150C93E-53DA-4D42-B7BB-320802A4DAC1}"
EndProject
Project("{FAE04EC0-301F-11D3-BF4B-00C04F79EFBC}") = "Tyuiu.SbrodovSV.Sprint6.Task1.V10", "Tyuiu.SbrodovSV.Sprint6.Task1.V10\Tyuiu.SbrodovSV.Sprint6.Task1.V10.csproj", "{2DC9FBBE-F2BE-49FD-9F77-B642C23E0E71}"
EndProject
Project("{FAE04EC0-301F-11D3-BF4B-00C04F79EFBC}") = "Tyuiu.SbrodovSV.Sprint6.Task1.V10.Lib", "Tyuiu.SbrodovSV.Sprint6.Task1.V10.Lib\Tyuiu.SbrodovSV.Sprint6.Task1.V10.Lib.csproj", "{4190C776-5158-4B0A-975E-77FC9D972BD2}"
EndProject
Project("{FAE04EC0-301F-11D3-BF4B-00C04F79EFBC}") = "Tyuiu.SbrodovSV.Sprint6.Task1.V10.Test", "Tyuiu.SbrodovSV.Sprint6.Task1.V10.Test\Tyuiu.SbrodovSV.Sprint6.Task1.V10.Test.csproj", "{9698FF2E-22DB-4546-94BE-8648CEA3ED87}"
EndProject
Project("{2150E333-8FDC-42A3-9474-1A3956D46DE8}") = "Task2", "Task2", "{319B2247-BBA4-419B-9241-E793682883B0}"
EndProject
Project("{FAE04EC0-301F-11D3-BF4B-00C04F79EFBC}") = "Tyuiu.SbrodovSV.Sprint6.Task2.V23", "Tyuiu.SbrodovSV.Sprint6.Task2.V23\Tyuiu.SbrodovSV.Sprint6.Task2.V23.csproj", "{AF7A1951-555B-40BB-A522-281E8C3D9F75}"
EndProject
Project("{FAE04EC0-301F-11D3-BF4B-00C04F79EFBC}") = "Tyuiu.SbrodovSV.Sprint6.Task2.V23.Lib", "Tyuiu.SbrodovSV.Sprint6.Task2.V23.Lib\Tyuiu.SbrodovSV.Sprint6.Task2.V23.Lib.csproj", "{5E354D5E-38B8-41BC-BD4B-BEE18FF79496}"
EndProject
Project("{FAE04EC0-301F-11D3-BF4B-00C04F79EFBC}") = "Tyuiu.SbrodovSV.Sprint6.Task2.V23.Test", "Tyuiu.SbrodovSV.Sprint6.Task2.V23.Test\Tyuiu.SbrodovSV.Sprint6.Task2.V23.Test.csproj", "{F430F338-1ADA-492F-BF3C-A87506160D68}"
EndProject
Global
	GlobalSection(SolutionConfigurationPlatforms) = preSolution
		Debug|Any CPU = Debug|Any CPU
		Release|Any CPU = Release|Any CPU
	EndGlobalSection
	GlobalSection(ProjectConfigurationPlatforms) = postSolution
		{93A268D9-ABF3-49C9-B72F-6A2B819F5062}.Debug|Any CPU.ActiveCfg = Debug|Any CPU
		{93A268D9-ABF3-49C9-B72F-6A2B819F5062}.Debug|Any CPU.Build.0 = Debug|Any CPU
		{93A268D9-ABF3-49C9-B72F-6A2B819F5062}.Release|Any CPU.ActiveCfg = Release|Any CPU
		{93A268D9-ABF3-49C9-B72F-6A2B819F5062}.Release|Any CPU.Build.0 = Release|Any CPU
		{3D0B4409-F530-4306-A3C5-4784C929A2D2}.Debug|Any CPU.ActiveCfg = Debug|Any CPU
		{3D0B4409-F530-4306-A3C5-4784C929A2D2}.Debug|Any CPU.Build.0 = Debug|Any CPU
		{3D0B4409-F530-4306-A3C5-4784C929A2D2}.Release|Any CPU.ActiveCfg = Release|Any CPU
		{3D0B4409-F530-4306-A3C5-4784C929A2D2}.Release|Any CPU.Build.0 = Release|Any CPU
		{5D4D99C9-EC69-47FD-93B8-CDFEE67EA91C}.Debug|Any CPU.ActiveCfg = Debug|Any CPU
		{5D4D99C9-EC69-47FD-93B8-CDFEE67EA91C}.Debug|Any CPU.Build.0 = Debug|Any CPU
		{5D4D99C9-EC69-47FD-93B8-CDFEE67EA91C}.Release|Any CPU.ActiveCfg = Release|Any CPU
		{5D4D99C9-EC69-47FD-93B8-CDFEE67EA91C}.Release|Any CPU.Build.0 = Release|Any CPU
		{2DC9FBBE-F2BE-49FD-9F77-B642C23E0E71}.Debug|Any CPU.ActiveCfg = Debug|Any CPU
		{2DC9FBBE-F2BE-49FD-9F77-B642C23E0E71}.Debug|Any CPU.Build.0 = Debug|Any CPU
		{2DC9FBBE-F2BE-49FD-9F77-B642C23E0E71}.Release|Any CPU.ActiveCfg = Release|Any CPU
		{2DC9FBBE-F2BE-49FD-9F77-B642C23E0E71}.Release|Any CPU.Build.0 = Release|Any CPU
		{4190C776-5158-4B0A-975E-77FC9D972BD2}.Debug|Any CPU.ActiveCfg = Debug|Any CPU
		{4190C776-5158-4B0A-975E-77FC9D972BD2}.Debug|Any CPU.Build.0 = Debug|Any CPU
		{4190C776-5158-4B0A-975E-77FC9D972BD2}.Release|Any CPU.ActiveCfg = Release|Any CPU
		{4190C776-5158-4B0A-975E-77FC9D972BD2}.Release|Any CPU.Build.0 = Release|Any CPU
		{9698FF2E-22DB-4546-94BE-8648CEA3ED87}.Debug|Any CPU.ActiveCfg = Debug|Any CPU
		{9698FF2E-22DB-4546-94BE-8648CEA3ED87}.Debug|Any CPU.Build.0 = Debug|Any CPU
		{9698FF2E-22DB-4546-94BE-8648CEA3ED87}.Release|Any CPU.ActiveCfg = Release|Any CPU
		{9698FF2E-22DB-4546-94BE-8648CEA3ED87}.Release|Any CPU.Build.0 = Release|Any CPU
		{AF7A1951-555B-40BB-A522-281E8C3D9F75}.Debug|Any CPU.ActiveCfg = Debug|Any CPU
		{AF7A1951-555B-40BB-A522-281E8C3D9F75}.Debug|Any CPU.Build.0 = Debug|Any CPU
		{AF7A1951-555B-40BB-A522-281E8C3D9F75}.Release|Any CPU.ActiveCfg = Release|Any CPU
		{AF7A1951-555B-40BB-A522-281E8C3D9F75}.Release|Any CPU.Build.0 = Release|Any CPU
		{5E354D5E-38B8-41BC-BD4B-BEE18FF79496}.Debug|Any CPU.ActiveCfg = Debug|Any CPU
		{5E354D5E-38B8-41BC-BD4B-BEE18FF79496}.Debug|Any CPU.Build.0 = Debug|Any CPU
		{5E354D5E-38B8-41BC-BD4B-BEE18FF79496}.Release|Any CPU.ActiveCfg = Release|Any CPU
		{5E354D5E-38B8-41BC-BD4B-BEE18FF79496}.Release|Any CPU.Build.0 = Release|Any CPU
		{F430F338-1ADA-492F-BF3C-A87506160D68}.Debug|Any CPU.ActiveCfg = Debug|Any CPU
		{F430F338-1ADA-492F-BF3C-A87506160D68}.Debug|Any CPU.Build.0 = Debug|Any CPU
		{F430F338-1ADA-492F-BF3C-A87506160D68}.Release|Any CPU.ActiveCfg = Release|Any CPU
		{F430F338-1ADA-492F-BF3C-A87506160D68}.Release|Any CPU.Build.0 = Release|Any CPU
	EndGlobalSection
	GlobalSection(SolutionProperties) = preSolution
		HideSolutionNode = FALSE
	EndGlobalSection
	GlobalSection(NestedProjects) = preSolution
		{93A268D9-ABF3-49C9-B72F-6A2B819F5062} = {660B72AA-4B39-4348-A294-A711018BA7AA}
		{3D0B4409-F530-4306-A3C5-4784C929A2D2} = {660B72AA-4B39-4348-A294-A711018BA7AA}
		{5D4D99C9-EC69-47FD-93B8-CDFEE67EA91C} = {660B72AA-4B39-4348-A294-A711018BA7AA}
		{2DC9FBBE-F2BE-49FD-9F77-B642C23E0E71} = {8150C93E-53DA-4D42-B7BB-320802A4DAC1}
		{4190C776-5158-4B0A-975E-77FC9D972BD2} = {8150C93E-53DA-4D42-B7BB-320802A4DAC1}
		{9698FF2E-22DB-4546-94BE-8648CEA3ED87} = {8150C93E-53DA-4D42-B7BB-320802A4DAC1}
		{AF7A1951-555B-40BB-A522-281E8C3D9F75} = {319B2247-BBA4-419B-9241-E793682883B0}
		{5E354D5E-38B8-41BC-BD4B-BEE18FF79496} = {319B2247-BBA4-419B-9241-E793682883B0}
		{F430F338-1ADA-492F-BF3C-A87506160D68} = {319B2247-BBA4-419B-9241-E793682883B0}
	EndGlobalSection
	GlobalSection(ExtensibilityGlobals) = postSolution
		SolutionGuid = {E38EA0A8-B355-4F79-8F99-7EE9CDD2FEB7}
	EndGlobalSection
EndGlobal
